
Microsoft Visual Studio Solution File, Format Version 12.00
# Visual Studio Version 17
VisualStudioVersion = 17.0.31903.59
MinimumVisualStudioVersion = 10.0.40219.1
Project("{2150E333-8FDC-42A3-9474-1A3956D46DE8}") = "SHARVIK", "SHARVIK", "{959BA08F-2B00-EFC6-F86D-82AC4372F9D6}"
EndProject
Project("{2150E333-8FDC-42A3-9474-1A3956D46DE8}") = "backend", "backend", "{C3965D96-FDA4-652E-8DC2-3233AEB2A7F9}"
EndProject
Project("{FAE04EC0-301F-11D3-BF4B-00C04F79EFBC}") = "SHARVIK.Api", "SHARVIK\backend\SHARVIK.Api\SHARVIK.Api.csproj", "{565A8386-C0BF-4362-84BA-E5186A1CAEB5}"
EndProject
Global
	GlobalSection(SolutionConfigurationPlatforms) = preSolution
		Debug|Any CPU = Debug|Any CPU
		Debug|x64 = Debug|x64
		Debug|x86 = Debug|x86
		Release|Any CPU = Release|Any CPU
		Release|x64 = Release|x64
		Release|x86 = Release|x86
	EndGlobalSection
	GlobalSection(ProjectConfigurationPlatforms) = postSolution
		{565A8386-C0BF-4362-84BA-E5186A1CAEB5}.Debug|Any CPU.ActiveCfg = Debug|Any CPU
		{565A8386-C0BF-4362-84BA-E5186A1CAEB5}.Debug|Any CPU.Build.0 = Debug|Any CPU
		{565A8386-C0BF-4362-84BA-E5186A1CAEB5}.Debug|x64.ActiveCfg = Debug|Any CPU
		{565A8386-C0BF-4362-84BA-E5186A1CAEB5}.Debug|x64.Build.0 = Debug|Any CPU
		{565A8386-C0BF-4362-84BA-E5186A1CAEB5}.Debug|x86.ActiveCfg = Debug|Any CPU
		{565A8386-C0BF-4362-84BA-E5186A1CAEB5}.Debug|x86.Build.0 = Debug|Any CPU
		{565A8386-C0BF-4362-84BA-E5186A1CAEB5}.Release|Any CPU.ActiveCfg = Release|Any CPU
		{565A8386-C0BF-4362-84BA-E5186A1CAEB5}.Release|Any CPU.Build.0 = Release|Any CPU
		{565A8386-C0BF-4362-84BA-E5186A1CAEB5}.Release|x64.ActiveCfg = Release|Any CPU
		{565A8386-C0BF-4362-84BA-E5186A1CAEB5}.Release|x64.Build.0 = Release|Any CPU
		{565A8386-C0BF-4362-84BA-E5186A1CAEB5}.Release|x86.ActiveCfg = Release|Any CPU
		{565A8386-C0BF-4362-84BA-E5186A1CAEB5}.Release|x86.Build.0 = Release|Any CPU
	EndGlobalSection
	GlobalSection(SolutionProperties) = preSolution
		HideSolutionNode = FALSE
	EndGlobalSection
	GlobalSection(NestedProjects) = preSolution
		{C3965D96-FDA4-652E-8DC2-3233AEB2A7F9} = {959BA08F-2B00-EFC6-F86D-82AC4372F9D6}
		{565A8386-C0BF-4362-84BA-E5186A1CAEB5} = {C3965D96-FDA4-652E-8DC2-3233AEB2A7F9}
	EndGlobalSection
EndGlobal
